// !$*UTF8*$!
{
	archiveVersion = 1;
	classes = {
	};
	objectVersion = 51;
	objects = {

/* Begin PBXBuildFile section */
		3147CB4366518EDC88DECA18 /* Pods_JapaneseQuiz.framework in Frameworks */ = {isa = PBXBuildFile; fileRef = 535CEAAD20D7CDD1298EF1AF /* Pods_JapaneseQuiz.framework */; };
		690585AC246D2E2C00CBBF7C /* AppDelegate.swift in Sources */ = {isa = PBXBuildFile; fileRef = 690585AB246D2E2C00CBBF7C /* AppDelegate.swift */; };
		690585AE246D2E2C00CBBF7C /* SceneDelegate.swift in Sources */ = {isa = PBXBuildFile; fileRef = 690585AD246D2E2C00CBBF7C /* SceneDelegate.swift */; };
		690585B0246D2E2C00CBBF7C /* ViewController.swift in Sources */ = {isa = PBXBuildFile; fileRef = 690585AF246D2E2C00CBBF7C /* ViewController.swift */; };
		690585B3246D2E2C00CBBF7C /* Main.storyboard in Resources */ = {isa = PBXBuildFile; fileRef = 690585B1246D2E2C00CBBF7C /* Main.storyboard */; };
		690585B5246D2E2F00CBBF7C /* Assets.xcassets in Resources */ = {isa = PBXBuildFile; fileRef = 690585B4246D2E2F00CBBF7C /* Assets.xcassets */; };
		690585B8246D2E2F00CBBF7C /* LaunchScreen.storyboard in Resources */ = {isa = PBXBuildFile; fileRef = 690585B6246D2E2F00CBBF7C /* LaunchScreen.storyboard */; };
		690585C0246D3C6000CBBF7C /* Question.swift in Sources */ = {isa = PBXBuildFile; fileRef = 690585BF246D3C6000CBBF7C /* Question.swift */; };
		69F677BC246EBEF700A35BC0 /* JishoWords.swift in Sources */ = {isa = PBXBuildFile; fileRef = 69F677BB246EBEF700A35BC0 /* JishoWords.swift */; };
/* End PBXBuildFile section */

/* Begin PBXFileReference section */
		535CEAAD20D7CDD1298EF1AF /* Pods_JapaneseQuiz.framework */ = {isa = PBXFileReference; explicitFileType = wrapper.framework; includeInIndex = 0; path = Pods_JapaneseQuiz.framework; sourceTree = BUILT_PRODUCTS_DIR; };
		690585A8246D2E2C00CBBF7C /* JapaneseQuiz.app */ = {isa = PBXFileReference; explicitFileType = wrapper.application; includeInIndex = 0; path = JapaneseQuiz.app; sourceTree = BUILT_PRODUCTS_DIR; };
		690585AB246D2E2C00CBBF7C /* AppDelegate.swift */ = {isa = PBXFileReference; lastKnownFileType = sourcecode.swift; path = AppDelegate.swift; sourceTree = "<group>"; };
		690585AD246D2E2C00CBBF7C /* SceneDelegate.swift */ = {isa = PBXFileReference; lastKnownFileType = sourcecode.swift; path = SceneDelegate.swift; sourceTree = "<group>"; };
		690585AF246D2E2C00CBBF7C /* ViewController.swift */ = {isa = PBXFileReference; lastKnownFileType = sourcecode.swift; path = ViewController.swift; sourceTree = "<group>"; };
		690585B2246D2E2C00CBBF7C /* Base */ = {isa = PBXFileReference; lastKnownFileType = file.storyboard; name = Base; path = Base.lproj/Main.storyboard; sourceTree = "<group>"; };
		690585B4246D2E2F00CBBF7C /* Assets.xcassets */ = {isa = PBXFileReference; lastKnownFileType = folder.assetcatalog; path = Assets.xcassets; sourceTree = "<group>"; };
		690585B7246D2E2F00CBBF7C /* Base */ = {isa = PBXFileReference; lastKnownFileType = file.storyboard; name = Base; path = Base.lproj/LaunchScreen.storyboard; sourceTree = "<group>"; };
		690585B9246D2E2F00CBBF7C /* Info.plist */ = {isa = PBXFileReference; lastKnownFileType = text.plist.xml; path = Info.plist; sourceTree = "<group>"; };
		690585BF246D3C6000CBBF7C /* Question.swift */ = {isa = PBXFileReference; lastKnownFileType = sourcecode.swift; path = Question.swift; sourceTree = "<group>"; };
		69F677BB246EBEF700A35BC0 /* JishoWords.swift */ = {isa = PBXFileReference; lastKnownFileType = sourcecode.swift; path = JishoWords.swift; sourceTree = "<group>"; };
		CE8C9B94226C3DEC03713DF9 /* Pods-JapaneseQuiz.release.xcconfig */ = {isa = PBXFileReference; includeInIndex = 1; lastKnownFileType = text.xcconfig; name = "Pods-JapaneseQuiz.release.xcconfig"; path = "Target Support Files/Pods-JapaneseQuiz/Pods-JapaneseQuiz.release.xcconfig"; sourceTree = "<group>"; };
		FC4802ACCBE03F30C4CA3175 /* Pods-JapaneseQuiz.debug.xcconfig */ = {isa = PBXFileReference; includeInIndex = 1; lastKnownFileType = text.xcconfig; name = "Pods-JapaneseQuiz.debug.xcconfig"; path = "Target Support Files/Pods-JapaneseQuiz/Pods-JapaneseQuiz.debug.xcconfig"; sourceTree = "<group>"; };
/* End PBXFileReference section */

/* Begin PBXFrameworksBuildPhase section */
		690585A5246D2E2B00CBBF7C /* Frameworks */ = {
			isa = PBXFrameworksBuildPhase;
			buildActionMask = 2147483647;
			files = (
				3147CB4366518EDC88DECA18 /* Pods_JapaneseQuiz.framework in Frameworks */,
			);
			runOnlyForDeploymentPostprocessing = 0;
		};
/* End PBXFrameworksBuildPhase section */

/* Begin PBXGroup section */
		196773F880D58FA7271EBA3C /* Pods */ = {
			isa = PBXGroup;
			children = (
				FC4802ACCBE03F30C4CA3175 /* Pods-JapaneseQuiz.debug.xcconfig */,
				CE8C9B94226C3DEC03713DF9 /* Pods-JapaneseQuiz.release.xcconfig */,
			);
			path = Pods;
			sourceTree = "<group>";
		};
		6905859F246D2E2B00CBBF7C = {
			isa = PBXGroup;
			children = (
				690585AA246D2E2C00CBBF7C /* JapaneseQuiz */,
				690585A9246D2E2C00CBBF7C /* Products */,
				196773F880D58FA7271EBA3C /* Pods */,
				AF2007A98AF318824468083A /* Frameworks */,
			);
			sourceTree = "<group>";
		};
		690585A9246D2E2C00CBBF7C /* Products */ = {
			isa = PBXGroup;
			children = (
				690585A8246D2E2C00CBBF7C /* JapaneseQuiz.app */,
			);
			name = Products;
			sourceTree = "<group>";
		};
		690585AA246D2E2C00CBBF7C /* JapaneseQuiz */ = {
			isa = PBXGroup;
			children = (
				690585AD246D2E2C00CBBF7C /* SceneDelegate.swift */,
				690585C5246D3D1500CBBF7C /* Controller */,
				690585C3246D3CD900CBBF7C /* Model */,
				690585C4246D3CFE00CBBF7C /* View */,
				690585B6246D2E2F00CBBF7C /* LaunchScreen.storyboard */,
				690585B9246D2E2F00CBBF7C /* Info.plist */,
			);
			path = JapaneseQuiz;
			sourceTree = "<group>";
		};
		690585C3246D3CD900CBBF7C /* Model */ = {
			isa = PBXGroup;
			children = (
				690585BF246D3C6000CBBF7C /* Question.swift */,
				69F677BB246EBEF700A35BC0 /* JishoWords.swift */,
			);
			path = Model;
			sourceTree = "<group>";
		};
		690585C4246D3CFE00CBBF7C /* View */ = {
			isa = PBXGroup;
			children = (
				690585B1246D2E2C00CBBF7C /* Main.storyboard */,
				690585B4246D2E2F00CBBF7C /* Assets.xcassets */,
			);
			path = View;
			sourceTree = "<group>";
		};
		690585C5246D3D1500CBBF7C /* Controller */ = {
			isa = PBXGroup;
			children = (
				690585AB246D2E2C00CBBF7C /* AppDelegate.swift */,
				690585AF246D2E2C00CBBF7C /* ViewController.swift */,
			);
			path = Controller;
			sourceTree = "<group>";
		};
		AF2007A98AF318824468083A /* Frameworks */ = {
			isa = PBXGroup;
			children = (
				535CEAAD20D7CDD1298EF1AF /* Pods_JapaneseQuiz.framework */,
			);
			name = Frameworks;
			sourceTree = "<group>";
		};
/* End PBXGroup section */

/* Begin PBXNativeTarget section */
		690585A7246D2E2B00CBBF7C /* JapaneseQuiz */ = {
			isa = PBXNativeTarget;
			buildConfigurationList = 690585BC246D2E2F00CBBF7C /* Build configuration list for PBXNativeTarget "JapaneseQuiz" */;
			buildPhases = (
				6285D12F99D0FC21106D25D5 /* [CP] Check Pods Manifest.lock */,
				690585A4246D2E2B00CBBF7C /* Sources */,
				690585A5246D2E2B00CBBF7C /* Frameworks */,
				690585A6246D2E2B00CBBF7C /* Resources */,
				250E6FB325CD28BFEC36E69C /* [CP] Embed Pods Frameworks */,
			);
			buildRules = (
			);
			dependencies = (
			);
			name = JapaneseQuiz;
			productName = JapaneseQuiz;
			productReference = 690585A8246D2E2C00CBBF7C /* JapaneseQuiz.app */;
			productType = "com.apple.product-type.application";
		};
/* End PBXNativeTarget section */

/* Begin PBXProject section */
		690585A0246D2E2B00CBBF7C /* Project object */ = {
			isa = PBXProject;
			attributes = {
				LastSwiftUpdateCheck = 1140;
				LastUpgradeCheck = 1140;
				ORGANIZATIONNAME = "Michelle Lau";
				TargetAttributes = {
					690585A7246D2E2B00CBBF7C = {
						CreatedOnToolsVersion = 11.4;
					};
				};
			};
			buildConfigurationList = 690585A3246D2E2B00CBBF7C /* Build configuration list for PBXProject "JapaneseQuiz" */;
			compatibilityVersion = "Xcode 9.3";
			developmentRegion = en;
			hasScannedForEncodings = 0;
			knownRegions = (
				en,
				Base,
			);
			mainGroup = 6905859F246D2E2B00CBBF7C;
			productRefGroup = 690585A9246D2E2C00CBBF7C /* Products */;
			projectDirPath = "";
			projectRoot = "";
			targets = (
				690585A7246D2E2B00CBBF7C /* JapaneseQuiz */,
			);
		};
/* End PBXProject section */

/* Begin PBXResourcesBuildPhase section */
		690585A6246D2E2B00CBBF7C /* Resources */ = {
			isa = PBXResourcesBuildPhase;
			buildActionMask = 2147483647;
			files = (
				690585B8246D2E2F00CBBF7C /* LaunchScreen.storyboard in Resources */,
				690585B5246D2E2F00CBBF7C /* Assets.xcassets in Resources */,
				690585B3246D2E2C00CBBF7C /* Main.storyboard in Resources */,
			);
			runOnlyForDeploymentPostprocessing = 0;
		};
/* End PBXResourcesBuildPhase section */

/* Begin PBXShellScriptBuildPhase section */
		250E6FB325CD28BFEC36E69C /* [CP] Embed Pods Frameworks */ = {
			isa = PBXShellScriptBuildPhase;
			buildActionMask = 2147483647;
			files = (
			);
			inputFileListPaths = (
				"${PODS_ROOT}/Target Support Files/Pods-JapaneseQuiz/Pods-JapaneseQuiz-frameworks-${CONFIGURATION}-input-files.xcfilelist",
			);
			name = "[CP] Embed Pods Frameworks";
			outputFileListPaths = (
				"${PODS_ROOT}/Target Support Files/Pods-JapaneseQuiz/Pods-JapaneseQuiz-frameworks-${CONFIGURATION}-output-files.xcfilelist",
			);
			runOnlyForDeploymentPostprocessing = 0;
			shellPath = /bin/sh;
			shellScript = "\"${PODS_ROOT}/Target Support Files/Pods-JapaneseQuiz/Pods-JapaneseQuiz-frameworks.sh\"\n";
			showEnvVarsInLog = 0;
		};
		6285D12F99D0FC21106D25D5 /* [CP] Check Pods Manifest.lock */ = {
			isa = PBXShellScriptBuildPhase;
			buildActionMask = 2147483647;
			files = (
			);
			inputFileListPaths = (
			);
			inputPaths = (
				"${PODS_PODFILE_DIR_PATH}/Podfile.lock",
				"${PODS_ROOT}/Manifest.lock",
			);
			name = "[CP] Check Pods Manifest.lock";
			outputFileListPaths = (
			);
			outputPaths = (
				"$(DERIVED_FILE_DIR)/Pods-JapaneseQuiz-checkManifestLockResult.txt",
			);
			runOnlyForDeploymentPostprocessing = 0;
			shellPath = /bin/sh;
			shellScript = "diff \"${PODS_PODFILE_DIR_PATH}/Podfile.lock\" \"${PODS_ROOT}/Manifest.lock\" > /dev/null\nif [ $? != 0 ] ; then\n    # print error to STDERR\n    echo \"error: The sandbox is not in sync with the Podfile.lock. Run 'pod install' or update your CocoaPods installation.\" >&2\n    exit 1\nfi\n# This output is used by Xcode 'outputs' to avoid re-running this script phase.\necho \"SUCCESS\" > \"${SCRIPT_OUTPUT_FILE_0}\"\n";
			showEnvVarsInLog = 0;
		};
/* End PBXShellScriptBuildPhase section */

/* Begin PBXSourcesBuildPhase section */
		690585A4246D2E2B00CBBF7C /* Sources */ = {
			isa = PBXSourcesBuildPhase;
			buildActionMask = 2147483647;
			files = (
				690585B0246D2E2C00CBBF7C /* ViewController.swift in Sources */,
				69F677BC246EBEF700A35BC0 /* JishoWords.swift in Sources */,
				690585C0246D3C6000CBBF7C /* Question.swift in Sources */,
				690585AC246D2E2C00CBBF7C /* AppDelegate.swift in Sources */,
				690585AE246D2E2C00CBBF7C /* SceneDelegate.swift in Sources */,
			);
			runOnlyForDeploymentPostprocessing = 0;
		};
/* End PBXSourcesBuildPhase section */

/* Begin PBXVariantGroup section */
		690585B1246D2E2C00CBBF7C /* Main.storyboard */ = {
			isa = PBXVariantGroup;
			children = (
				690585B2246D2E2C00CBBF7C /* Base */,
			);
			name = Main.storyboard;
			sourceTree = "<group>";
		};
		690585B6246D2E2F00CBBF7C /* LaunchScreen.storyboard */ = {
			isa = PBXVariantGroup;
			children = (
				690585B7246D2E2F00CBBF7C /* Base */,
			);
			name = LaunchScreen.storyboard;
			sourceTree = "<group>";
		};
/* End PBXVariantGroup section */

/* Begin XCBuildConfiguration section */
		690585BA246D2E2F00CBBF7C /* Debug */ = {
			isa = XCBuildConfiguration;
			buildSettings = {
				ALWAYS_SEARCH_USER_PATHS = NO;
				CLANG_ANALYZER_NONNULL = YES;
				CLANG_ANALYZER_NUMBER_OBJECT_CONVERSION = YES_AGGRESSIVE;
				CLANG_CXX_LANGUAGE_STANDARD = "gnu++14";
				CLANG_CXX_LIBRARY = "libc++";
				CLANG_ENABLE_MODULES = YES;
				CLANG_ENABLE_OBJC_ARC = YES;
				CLANG_ENABLE_OBJC_WEAK = YES;
				CLANG_WARN_BLOCK_CAPTURE_AUTORELEASING = YES;
				CLANG_WARN_BOOL_CONVERSION = YES;
				CLANG_WARN_COMMA = YES;
				CLANG_WARN_CONSTANT_CONVERSION = YES;
				CLANG_WARN_DEPRECATED_OBJC_IMPLEMENTATIONS = YES;
				CLANG_WARN_DIRECT_OBJC_ISA_USAGE = YES_ERROR;
				CLANG_WARN_DOCUMENTATION_COMMENTS = YES;
				CLANG_WARN_EMPTY_BODY = YES;
				CLANG_WARN_ENUM_CONVERSION = YES;
				CLANG_WARN_INFINITE_RECURSION = YES;
				CLANG_WARN_INT_CONVERSION = YES;
				CLANG_WARN_NON_LITERAL_NULL_CONVERSION = YES;
				CLANG_WARN_OBJC_IMPLICIT_RETAIN_SELF = YES;
				CLANG_WARN_OBJC_LITERAL_CONVERSION = YES;
				CLANG_WARN_OBJC_ROOT_CLASS = YES_ERROR;
				CLANG_WARN_RANGE_LOOP_ANALYSIS = YES;
				CLANG_WARN_STRICT_PROTOTYPES = YES;
				CLANG_WARN_SUSPICIOUS_MOVE = YES;
				CLANG_WARN_UNGUARDED_AVAILABILITY = YES_AGGRESSIVE;
				CLANG_WARN_UNREACHABLE_CODE = YES;
				CLANG_WARN__DUPLICATE_METHOD_MATCH = YES;
				COPY_PHASE_STRIP = NO;
				DEBUG_INFORMATION_FORMAT = dwarf;
				ENABLE_STRICT_OBJC_MSGSEND = YES;
				ENABLE_TESTABILITY = YES;
				GCC_C_LANGUAGE_STANDARD = gnu11;
				GCC_DYNAMIC_NO_PIC = NO;
				GCC_NO_COMMON_BLOCKS = YES;
				GCC_OPTIMIZATION_LEVEL = 0;
				GCC_PREPROCESSOR_DEFINITIONS = (
					"DEBUG=1",
					"$(inherited)",
				);
				GCC_WARN_64_TO_32_BIT_CONVERSION = YES;
				GCC_WARN_ABOUT_RETURN_TYPE = YES_ERROR;
				GCC_WARN_UNDECLARED_SELECTOR = YES;
				GCC_WARN_UNINITIALIZED_AUTOS = YES_AGGRESSIVE;
				GCC_WARN_UNUSED_FUNCTION = YES;
				GCC_WARN_UNUSED_VARIABLE = YES;
				IPHONEOS_DEPLOYMENT_TARGET = 13.4;
				MTL_ENABLE_DEBUG_INFO = INCLUDE_SOURCE;
				MTL_FAST_MATH = YES;
				ONLY_ACTIVE_ARCH = YES;
				SDKROOT = iphoneos;
				SWIFT_ACTIVE_COMPILATION_CONDITIONS = DEBUG;
				SWIFT_OPTIMIZATION_LEVEL = "-Onone";
			};
			name = Debug;
		};
		690585BB246D2E2F00CBBF7C /* Release */ = {
			isa = XCBuildConfiguration;
			buildSettings = {
				ALWAYS_SEARCH_USER_PATHS = NO;
				CLANG_ANALYZER_NONNULL = YES;
				CLANG_ANALYZER_NUMBER_OBJECT_CONVERSION = YES_AGGRESSIVE;
				CLANG_CXX_LANGUAGE_STANDARD = "gnu++14";
				CLANG_CXX_LIBRARY = "libc++";
				CLANG_ENABLE_MODULES = YES;
				CLANG_ENABLE_OBJC_ARC = YES;
				CLANG_ENABLE_OBJC_WEAK = YES;
				CLANG_WARN_BLOCK_CAPTURE_AUTORELEASING = YES;
				CLANG_WARN_BOOL_CONVERSION = YES;
				CLANG_WARN_COMMA = YES;
				CLANG_WARN_CONSTANT_CONVERSION = YES;
				CLANG_WARN_DEPRECATED_OBJC_IMPLEMENTATIONS = YES;
				CLANG_WARN_DIRECT_OBJC_ISA_USAGE = YES_ERROR;
				CLANG_WARN_DOCUMENTATION_COMMENTS = YES;
				CLANG_WARN_EMPTY_BODY = YES;
				CLANG_WARN_ENUM_CONVERSION = YES;
				CLANG_WARN_INFINITE_RECURSION = YES;
				CLANG_WARN_INT_CONVERSION = YES;
				CLANG_WARN_NON_LITERAL_NULL_CONVERSION = YES;
				CLANG_WARN_OBJC_IMPLICIT_RETAIN_SELF = YES;
				CLANG_WARN_OBJC_LITERAL_CONVERSION = YES;
				CLANG_WARN_OBJC_ROOT_CLASS = YES_ERROR;
				CLANG_WARN_RANGE_LOOP_ANALYSIS = YES;
				CLANG_WARN_STRICT_PROTOTYPES = YES;
				CLANG_WARN_SUSPICIOUS_MOVE = YES;
				CLANG_WARN_UNGUARDED_AVAILABILITY = YES_AGGRESSIVE;
				CLANG_WARN_UNREACHABLE_CODE = YES;
				CLANG_WARN__DUPLICATE_METHOD_MATCH = YES;
				COPY_PHASE_STRIP = NO;
				DEBUG_INFORMATION_FORMAT = "dwarf-with-dsym";
				ENABLE_NS_ASSERTIONS = NO;
				ENABLE_STRICT_OBJC_MSGSEND = YES;
				GCC_C_LANGUAGE_STANDARD = gnu11;
				GCC_NO_COMMON_BLOCKS = YES;
				GCC_WARN_64_TO_32_BIT_CONVERSION = YES;
				GCC_WARN_ABOUT_RETURN_TYPE = YES_ERROR;
				GCC_WARN_UNDECLARED_SELECTOR = YES;
				GCC_WARN_UNINITIALIZED_AUTOS = YES_AGGRESSIVE;
				GCC_WARN_UNUSED_FUNCTION = YES;
				GCC_WARN_UNUSED_VARIABLE = YES;
				IPHONEOS_DEPLOYMENT_TARGET = 13.4;
				MTL_ENABLE_DEBUG_INFO = NO;
				MTL_FAST_MATH = YES;
				SDKROOT = iphoneos;
				SWIFT_COMPILATION_MODE = wholemodule;
				SWIFT_OPTIMIZATION_LEVEL = "-O";
				VALIDATE_PRODUCT = YES;
			};
			name = Release;
		};
		690585BD246D2E2F00CBBF7C /* Debug */ = {
			isa = XCBuildConfiguration;
			baseConfigurationReference = FC4802ACCBE03F30C4CA3175 /* Pods-JapaneseQuiz.debug.xcconfig */;
			buildSettings = {
				ASSETCATALOG_COMPILER_APPICON_NAME = AppIcon;
				CODE_SIGN_STYLE = Automatic;
				INFOPLIST_FILE = JapaneseQuiz/Info.plist;
				LD_RUNPATH_SEARCH_PATHS = (
					"$(inherited)",
					"@executable_path/Frameworks",
				);
				PRODUCT_BUNDLE_IDENTIFIER = com.MichelleLau.JapaneseQuiz;
				PRODUCT_NAME = "$(TARGET_NAME)";
				SWIFT_VERSION = 5.0;
				TARGETED_DEVICE_FAMILY = "1,2";
			};
			name = Debug;
		};
		690585BE246D2E2F00CBBF7C /* Release */ = {
			isa = XCBuildConfiguration;
			baseConfigurationReference = CE8C9B94226C3DEC03713DF9 /* Pods-JapaneseQuiz.release.xcconfig */;
			buildSettings = {
				ASSETCATALOG_COMPILER_APPICON_NAME = AppIcon;
				CODE_SIGN_STYLE = Automatic;
				INFOPLIST_FILE = JapaneseQuiz/Info.plist;
				LD_RUNPATH_SEARCH_PATHS = (
					"$(inherited)",
					"@executable_path/Frameworks",
				);
				PRODUCT_BUNDLE_IDENTIFIER = com.MichelleLau.JapaneseQuiz;
				PRODUCT_NAME = "$(TARGET_NAME)";
				SWIFT_VERSION = 5.0;
				TARGETED_DEVICE_FAMILY = "1,2";
			};
			name = Release;
		};
/* End XCBuildConfiguration section */

/* Begin XCConfigurationList section */
		690585A3246D2E2B00CBBF7C /* Build configuration list for PBXProject "JapaneseQuiz" */ = {
			isa = XCConfigurationList;
			buildConfigurations = (
				690585BA246D2E2F00CBBF7C /* Debug */,
				690585BB246D2E2F00CBBF7C /* Release */,
			);
			defaultConfigurationIsVisible = 0;
			defaultConfigurationName = Release;
		};
		690585BC246D2E2F00CBBF7C /* Build configuration list for PBXNativeTarget "JapaneseQuiz" */ = {
			isa = XCConfigurationList;
			buildConfigurations = (
				690585BD246D2E2F00CBBF7C /* Debug */,
				690585BE246D2E2F00CBBF7C /* Release */,
			);
			defaultConfigurationIsVisible = 0;
			defaultConfigurationName = Release;
		};
/* End XCConfigurationList section */
	};
	rootObject = 690585A0246D2E2B00CBBF7C /* Project object */;
}
