// !$*UTF8*$!
{
	archiveVersion = 1;
	classes = {
	};
	objectVersion = 51;
	objects = {

/* Begin PBXBuildFile section */
		3147CB4366518EDC88DECA18 /* Pods_JapaneseQuiz.framework in Frameworks */ = {isa = PBXBuildFile; fileRef = 535CEAAD20D7CDD1298EF1AF /* Pods_JapaneseQuiz.framework */; };
		690585AC246D2E2C00CBBF7C /* AppDelegate.swift in Sources */ = {isa = PBXBuildFile; fileRef = 690585AB246D2E2C00CBBF7C /* AppDelegate.swift */; };
		690585AE246D2E2C00CBBF7C /* SceneDelegate.swift in Sources */ = {isa = PBXBuildFile; fileRef = 690585AD246D2E2C00CBBF7C /* SceneDelegate.swift */; };
		690585B0246D2E2C00CBBF7C /* JLPTViewController.swift in Sources */ = {isa = PBXBuildFile; fileRef = 690585AF246D2E2C00CBBF7C /* JLPTViewController.swift */; };
		690585B3246D2E2C00CBBF7C /* Main.storyboard in Resources */ = {isa = PBXBuildFile; fileRef = 690585B1246D2E2C00CBBF7C /* Main.storyboard */; };
		690585B5246D2E2F00CBBF7C /* Assets.xcassets in Resources */ = {isa = PBXBuildFile; fileRef = 690585B4246D2E2F00CBBF7C /* Assets.xcassets */; };
		690585B8246D2E2F00CBBF7C /* LaunchScreen.storyboard in Resources */ = {isa = PBXBuildFile; fileRef = 690585B6246D2E2F00CBBF7C /* LaunchScreen.storyboard */; };
		690585C0246D3C6000CBBF7C /* Question.swift in Sources */ = {isa = PBXBuildFile; fileRef = 690585BF246D3C6000CBBF7C /* Question.swift */; };
		69309DF824B026650027AC97 /* activityIndicator.swift in Sources */ = {isa = PBXBuildFile; fileRef = 69309DF724B026650027AC97 /* activityIndicator.swift */; };
		69309DFB24B027A20027AC97 /* PerformAPICall.swift in Sources */ = {isa = PBXBuildFile; fileRef = 6989C8822495DA2800D5EDCA /* PerformAPICall.swift */; };
		693C78FE24AA1C6B00005C24 /* JLPT3ViewController.swift in Sources */ = {isa = PBXBuildFile; fileRef = 693C78FD24AA1C6B00005C24 /* JLPT3ViewController.swift */; };
		693C790024AA1C8000005C24 /* JLPT4ViewController.swift in Sources */ = {isa = PBXBuildFile; fileRef = 693C78FF24AA1C8000005C24 /* JLPT4ViewController.swift */; };
		697027712473DB17003D4543 /* JLPT1ViewController.swift in Sources */ = {isa = PBXBuildFile; fileRef = 697027702473DB17003D4543 /* JLPT1ViewController.swift */; };
		6989C8812495D9A100D5EDCA /* WordData.swift in Sources */ = {isa = PBXBuildFile; fileRef = 6989C8802495D9A100D5EDCA /* WordData.swift */; };
		6989C88B2495DAE900D5EDCA /* JapaneseQuizTests.swift in Sources */ = {isa = PBXBuildFile; fileRef = 6989C88A2495DAE900D5EDCA /* JapaneseQuizTests.swift */; };
		6989C8952495F22500D5EDCA /* UnitTestJSON.json in Resources */ = {isa = PBXBuildFile; fileRef = 6989C8942495F22500D5EDCA /* UnitTestJSON.json */; };
		6989C8972495F37400D5EDCA /* JSONTest.swift in Sources */ = {isa = PBXBuildFile; fileRef = 6989C8962495F37400D5EDCA /* JSONTest.swift */; };
		699E2EE824BE93100069B110 /* CreditsViewController.swift in Sources */ = {isa = PBXBuildFile; fileRef = 699E2EE724BE93100069B110 /* CreditsViewController.swift */; };
		69A3C36524A8D59E0020F3A9 /* JLPT2ViewController.swift in Sources */ = {isa = PBXBuildFile; fileRef = 69A3C36424A8D59E0020F3A9 /* JLPT2ViewController.swift */; };
		69D1906A2472BA350041BA29 /* ViewController+Constraints.swift in Sources */ = {isa = PBXBuildFile; fileRef = 69D190692472BA350041BA29 /* ViewController+Constraints.swift */; };
		69D4A35A247D5739002EFB5C /* HudView.swift in Sources */ = {isa = PBXBuildFile; fileRef = 69D4A359247D5739002EFB5C /* HudView.swift */; };
		69DE794D24BEEF2E00EAB708 /* example.gif in Resources */ = {isa = PBXBuildFile; fileRef = 69DE794C24BEEF2E00EAB708 /* example.gif */; };
		69F677BC246EBEF700A35BC0 /* JishoWords.swift in Sources */ = {isa = PBXBuildFile; fileRef = 69F677BB246EBEF700A35BC0 /* JishoWords.swift */; };
/* End PBXBuildFile section */

/* Begin PBXContainerItemProxy section */
		6989C88D2495DAE900D5EDCA /* PBXContainerItemProxy */ = {
			isa = PBXContainerItemProxy;
			containerPortal = 690585A0246D2E2B00CBBF7C /* Project object */;
			proxyType = 1;
			remoteGlobalIDString = 690585A7246D2E2B00CBBF7C;
			remoteInfo = JapaneseQuiz;
		};
/* End PBXContainerItemProxy section */

/* Begin PBXFileReference section */
		535CEAAD20D7CDD1298EF1AF /* Pods_JapaneseQuiz.framework */ = {isa = PBXFileReference; explicitFileType = wrapper.framework; includeInIndex = 0; path = Pods_JapaneseQuiz.framework; sourceTree = BUILT_PRODUCTS_DIR; };
		690585A8246D2E2C00CBBF7C /* JapaneseQuiz.app */ = {isa = PBXFileReference; explicitFileType = wrapper.application; includeInIndex = 0; path = JapaneseQuiz.app; sourceTree = BUILT_PRODUCTS_DIR; };
		690585AB246D2E2C00CBBF7C /* AppDelegate.swift */ = {isa = PBXFileReference; lastKnownFileType = sourcecode.swift; path = AppDelegate.swift; sourceTree = "<group>"; };
		690585AD246D2E2C00CBBF7C /* SceneDelegate.swift */ = {isa = PBXFileReference; lastKnownFileType = sourcecode.swift; path = SceneDelegate.swift; sourceTree = "<group>"; };
		690585AF246D2E2C00CBBF7C /* JLPTViewController.swift */ = {isa = PBXFileReference; lastKnownFileType = sourcecode.swift; path = JLPTViewController.swift; sourceTree = "<group>"; };
		690585B2246D2E2C00CBBF7C /* Base */ = {isa = PBXFileReference; lastKnownFileType = file.storyboard; name = Base; path = Base.lproj/Main.storyboard; sourceTree = "<group>"; };
		690585B4246D2E2F00CBBF7C /* Assets.xcassets */ = {isa = PBXFileReference; lastKnownFileType = folder.assetcatalog; path = Assets.xcassets; sourceTree = "<group>"; };
		690585B7246D2E2F00CBBF7C /* Base */ = {isa = PBXFileReference; lastKnownFileType = file.storyboard; name = Base; path = Base.lproj/LaunchScreen.storyboard; sourceTree = "<group>"; };
		690585B9246D2E2F00CBBF7C /* Info.plist */ = {isa = PBXFileReference; lastKnownFileType = text.plist.xml; path = Info.plist; sourceTree = "<group>"; };
		690585BF246D3C6000CBBF7C /* Question.swift */ = {isa = PBXFileReference; lastKnownFileType = sourcecode.swift; path = Question.swift; sourceTree = "<group>"; };
		69309DF724B026650027AC97 /* activityIndicator.swift */ = {isa = PBXFileReference; lastKnownFileType = sourcecode.swift; path = activityIndicator.swift; sourceTree = "<group>"; };
		693C78FD24AA1C6B00005C24 /* JLPT3ViewController.swift */ = {isa = PBXFileReference; lastKnownFileType = sourcecode.swift; path = JLPT3ViewController.swift; sourceTree = "<group>"; };
		693C78FF24AA1C8000005C24 /* JLPT4ViewController.swift */ = {isa = PBXFileReference; lastKnownFileType = sourcecode.swift; path = JLPT4ViewController.swift; sourceTree = "<group>"; };
		697027702473DB17003D4543 /* JLPT1ViewController.swift */ = {isa = PBXFileReference; lastKnownFileType = sourcecode.swift; path = JLPT1ViewController.swift; sourceTree = "<group>"; };
		6989C8802495D9A100D5EDCA /* WordData.swift */ = {isa = PBXFileReference; lastKnownFileType = sourcecode.swift; path = WordData.swift; sourceTree = "<group>"; };
		6989C8822495DA2800D5EDCA /* PerformAPICall.swift */ = {isa = PBXFileReference; lastKnownFileType = sourcecode.swift; path = PerformAPICall.swift; sourceTree = "<group>"; };
		6989C8882495DAE900D5EDCA /* JapaneseQuizTests.xctest */ = {isa = PBXFileReference; explicitFileType = wrapper.cfbundle; includeInIndex = 0; path = JapaneseQuizTests.xctest; sourceTree = BUILT_PRODUCTS_DIR; };
		6989C88A2495DAE900D5EDCA /* JapaneseQuizTests.swift */ = {isa = PBXFileReference; lastKnownFileType = sourcecode.swift; path = JapaneseQuizTests.swift; sourceTree = "<group>"; };
		6989C88C2495DAE900D5EDCA /* Info.plist */ = {isa = PBXFileReference; lastKnownFileType = text.plist.xml; path = Info.plist; sourceTree = "<group>"; };
		6989C8942495F22500D5EDCA /* UnitTestJSON.json */ = {isa = PBXFileReference; lastKnownFileType = text.json; path = UnitTestJSON.json; sourceTree = "<group>"; };
		6989C8962495F37400D5EDCA /* JSONTest.swift */ = {isa = PBXFileReference; lastKnownFileType = sourcecode.swift; path = JSONTest.swift; sourceTree = "<group>"; };
		699E2ECC24BCA3650069B110 /* README.md */ = {isa = PBXFileReference; lastKnownFileType = net.daringfireball.markdown; path = README.md; sourceTree = "<group>"; };
		699E2EE724BE93100069B110 /* CreditsViewController.swift */ = {isa = PBXFileReference; lastKnownFileType = sourcecode.swift; path = CreditsViewController.swift; sourceTree = "<group>"; };
		69A3C36424A8D59E0020F3A9 /* JLPT2ViewController.swift */ = {isa = PBXFileReference; lastKnownFileType = sourcecode.swift; path = JLPT2ViewController.swift; sourceTree = "<group>"; };
		69D190692472BA350041BA29 /* ViewController+Constraints.swift */ = {isa = PBXFileReference; lastKnownFileType = sourcecode.swift; path = "ViewController+Constraints.swift"; sourceTree = "<group>"; };
		69D4A359247D5739002EFB5C /* HudView.swift */ = {isa = PBXFileReference; lastKnownFileType = sourcecode.swift; path = HudView.swift; sourceTree = "<group>"; };
		69DE794C24BEEF2E00EAB708 /* example.gif */ = {isa = PBXFileReference; lastKnownFileType = image.gif; path = example.gif; sourceTree = "<group>"; };
		69F677BB246EBEF700A35BC0 /* JishoWords.swift */ = {isa = PBXFileReference; lastKnownFileType = sourcecode.swift; path = JishoWords.swift; sourceTree = "<group>"; };
		CE8C9B94226C3DEC03713DF9 /* Pods-JapaneseQuiz.release.xcconfig */ = {isa = PBXFileReference; includeInIndex = 1; lastKnownFileType = text.xcconfig; name = "Pods-JapaneseQuiz.release.xcconfig"; path = "Target Support Files/Pods-JapaneseQuiz/Pods-JapaneseQuiz.release.xcconfig"; sourceTree = "<group>"; };
		FC4802ACCBE03F30C4CA3175 /* Pods-JapaneseQuiz.debug.xcconfig */ = {isa = PBXFileReference; includeInIndex = 1; lastKnownFileType = text.xcconfig; name = "Pods-JapaneseQuiz.debug.xcconfig"; path = "Target Support Files/Pods-JapaneseQuiz/Pods-JapaneseQuiz.debug.xcconfig"; sourceTree = "<group>"; };
/* End PBXFileReference section */

/* Begin PBXFrameworksBuildPhase section */
		690585A5246D2E2B00CBBF7C /* Frameworks */ = {
			isa = PBXFrameworksBuildPhase;
			buildActionMask = 2147483647;
			files = (
				3147CB4366518EDC88DECA18 /* Pods_JapaneseQuiz.framework in Frameworks */,
			);
			runOnlyForDeploymentPostprocessing = 0;
		};
		6989C8852495DAE900D5EDCA /* Frameworks */ = {
			isa = PBXFrameworksBuildPhase;
			buildActionMask = 2147483647;
			files = (
			);
			runOnlyForDeploymentPostprocessing = 0;
		};
/* End PBXFrameworksBuildPhase section */

/* Begin PBXGroup section */
		196773F880D58FA7271EBA3C /* Pods */ = {
			isa = PBXGroup;
			children = (
				FC4802ACCBE03F30C4CA3175 /* Pods-JapaneseQuiz.debug.xcconfig */,
				CE8C9B94226C3DEC03713DF9 /* Pods-JapaneseQuiz.release.xcconfig */,
			);
			path = Pods;
			sourceTree = "<group>";
		};
		6905859F246D2E2B00CBBF7C = {
			isa = PBXGroup;
			children = (
				699E2ECC24BCA3650069B110 /* README.md */,
				69DE794C24BEEF2E00EAB708 /* example.gif */,
				690585AA246D2E2C00CBBF7C /* JapaneseQuiz */,
				690585A9246D2E2C00CBBF7C /* Products */,
				196773F880D58FA7271EBA3C /* Pods */,
				AF2007A98AF318824468083A /* Frameworks */,
			);
			sourceTree = "<group>";
		};
		690585A9246D2E2C00CBBF7C /* Products */ = {
			isa = PBXGroup;
			children = (
				690585A8246D2E2C00CBBF7C /* JapaneseQuiz.app */,
				6989C8882495DAE900D5EDCA /* JapaneseQuizTests.xctest */,
			);
			name = Products;
			sourceTree = "<group>";
		};
		690585AA246D2E2C00CBBF7C /* JapaneseQuiz */ = {
			isa = PBXGroup;
			children = (
				690585AD246D2E2C00CBBF7C /* SceneDelegate.swift */,
				690585AB246D2E2C00CBBF7C /* AppDelegate.swift */,
				690585C5246D3D1500CBBF7C /* Controller */,
				690585C3246D3CD900CBBF7C /* Model */,
				690585C4246D3CFE00CBBF7C /* View */,
				69309DF924B026A80027AC97 /* Supporting Files */,
				6989C8892495DAE900D5EDCA /* JapaneseQuizTests */,
				6989C8822495DA2800D5EDCA /* PerformAPICall.swift */,
				690585B6246D2E2F00CBBF7C /* LaunchScreen.storyboard */,
				690585B9246D2E2F00CBBF7C /* Info.plist */,
			);
			path = JapaneseQuiz;
			sourceTree = "<group>";
		};
		690585C3246D3CD900CBBF7C /* Model */ = {
			isa = PBXGroup;
			children = (
				690585BF246D3C6000CBBF7C /* Question.swift */,
				69F677BB246EBEF700A35BC0 /* JishoWords.swift */,
				6989C8802495D9A100D5EDCA /* WordData.swift */,
			);
			path = Model;
			sourceTree = "<group>";
		};
		690585C4246D3CFE00CBBF7C /* View */ = {
			isa = PBXGroup;
			children = (
				690585B1246D2E2C00CBBF7C /* Main.storyboard */,
				690585B4246D2E2F00CBBF7C /* Assets.xcassets */,
			);
			path = View;
			sourceTree = "<group>";
		};
		690585C5246D3D1500CBBF7C /* Controller */ = {
			isa = PBXGroup;
			children = (
				690585AF246D2E2C00CBBF7C /* JLPTViewController.swift */,
				693C78FF24AA1C8000005C24 /* JLPT4ViewController.swift */,
				693C78FD24AA1C6B00005C24 /* JLPT3ViewController.swift */,
				69A3C36424A8D59E0020F3A9 /* JLPT2ViewController.swift */,
				697027702473DB17003D4543 /* JLPT1ViewController.swift */,
				69D190692472BA350041BA29 /* ViewController+Constraints.swift */,
				699E2EE724BE93100069B110 /* CreditsViewController.swift */,
			);
			path = Controller;
			sourceTree = "<group>";
		};
		69309DF924B026A80027AC97 /* Supporting Files */ = {
			isa = PBXGroup;
			children = (
				69D4A359247D5739002EFB5C /* HudView.swift */,
				69309DF724B026650027AC97 /* activityIndicator.swift */,
			);
			path = "Supporting Files";
			sourceTree = "<group>";
		};
		6989C8892495DAE900D5EDCA /* JapaneseQuizTests */ = {
			isa = PBXGroup;
			children = (
				6989C88A2495DAE900D5EDCA /* JapaneseQuizTests.swift */,
				6989C8962495F37400D5EDCA /* JSONTest.swift */,
				6989C8942495F22500D5EDCA /* UnitTestJSON.json */,
				6989C88C2495DAE900D5EDCA /* Info.plist */,
			);
			path = JapaneseQuizTests;
			sourceTree = "<group>";
		};
		AF2007A98AF318824468083A /* Frameworks */ = {
			isa = PBXGroup;
			children = (
				535CEAAD20D7CDD1298EF1AF /* Pods_JapaneseQuiz.framework */,
			);
			name = Frameworks;
			sourceTree = "<group>";
		};
/* End PBXGroup section */

/* Begin PBXNativeTarget section */
		690585A7246D2E2B00CBBF7C /* JapaneseQuiz */ = {
			isa = PBXNativeTarget;
			buildConfigurationList = 690585BC246D2E2F00CBBF7C /* Build configuration list for PBXNativeTarget "JapaneseQuiz" */;
			buildPhases = (
				6285D12F99D0FC21106D25D5 /* [CP] Check Pods Manifest.lock */,
				690585A4246D2E2B00CBBF7C /* Sources */,
				690585A5246D2E2B00CBBF7C /* Frameworks */,
				690585A6246D2E2B00CBBF7C /* Resources */,
				250E6FB325CD28BFEC36E69C /* [CP] Embed Pods Frameworks */,
			);
			buildRules = (
			);
			dependencies = (
			);
			name = JapaneseQuiz;
			productName = JapaneseQuiz;
			productReference = 690585A8246D2E2C00CBBF7C /* JapaneseQuiz.app */;
			productType = "com.apple.product-type.application";
		};
		6989C8872495DAE900D5EDCA /* JapaneseQuizTests */ = {
			isa = PBXNativeTarget;
			buildConfigurationList = 6989C88F2495DAE900D5EDCA /* Build configuration list for PBXNativeTarget "JapaneseQuizTests" */;
			buildPhases = (
				6989C8842495DAE900D5EDCA /* Sources */,
				6989C8852495DAE900D5EDCA /* Frameworks */,
				6989C8862495DAE900D5EDCA /* Resources */,
			);
			buildRules = (
			);
			dependencies = (
				6989C88E2495DAE900D5EDCA /* PBXTargetDependency */,
			);
			name = JapaneseQuizTests;
			productName = JapaneseQuizTests;
			productReference = 6989C8882495DAE900D5EDCA /* JapaneseQuizTests.xctest */;
			productType = "com.apple.product-type.bundle.unit-test";
		};
/* End PBXNativeTarget section */

/* Begin PBXProject section */
		690585A0246D2E2B00CBBF7C /* Project object */ = {
			isa = PBXProject;
			attributes = {
				LastSwiftUpdateCheck = 1140;
				LastUpgradeCheck = 1140;
				ORGANIZATIONNAME = "Michelle Lau";
				TargetAttributes = {
					690585A7246D2E2B00CBBF7C = {
						CreatedOnToolsVersion = 11.4;
					};
					6989C8872495DAE900D5EDCA = {
						CreatedOnToolsVersion = 11.4;
						TestTargetID = 690585A7246D2E2B00CBBF7C;
					};
				};
			};
			buildConfigurationList = 690585A3246D2E2B00CBBF7C /* Build configuration list for PBXProject "JapaneseQuiz" */;
			compatibilityVersion = "Xcode 9.3";
			developmentRegion = en;
			hasScannedForEncodings = 0;
			knownRegions = (
				en,
				Base,
			);
			mainGroup = 6905859F246D2E2B00CBBF7C;
			productRefGroup = 690585A9246D2E2C00CBBF7C /* Products */;
			projectDirPath = "";
			projectRoot = "";
			targets = (
				690585A7246D2E2B00CBBF7C /* JapaneseQuiz */,
				6989C8872495DAE900D5EDCA /* JapaneseQuizTests */,
			);
		};
/* End PBXProject section */

/* Begin PBXResourcesBuildPhase section */
		690585A6246D2E2B00CBBF7C /* Resources */ = {
			isa = PBXResourcesBuildPhase;
			buildActionMask = 2147483647;
			files = (
				690585B8246D2E2F00CBBF7C /* LaunchScreen.storyboard in Resources */,
				690585B5246D2E2F00CBBF7C /* Assets.xcassets in Resources */,
				690585B3246D2E2C00CBBF7C /* Main.storyboard in Resources */,
				69DE794D24BEEF2E00EAB708 /* example.gif in Resources */,
			);
			runOnlyForDeploymentPostprocessing = 0;
		};
		6989C8862495DAE900D5EDCA /* Resources */ = {
			isa = PBXResourcesBuildPhase;
			buildActionMask = 2147483647;
			files = (
				6989C8952495F22500D5EDCA /* UnitTestJSON.json in Resources */,
			);
			runOnlyForDeploymentPostprocessing = 0;
		};
/* End PBXResourcesBuildPhase section */

/* Begin PBXShellScriptBuildPhase section */
		250E6FB325CD28BFEC36E69C /* [CP] Embed Pods Frameworks */ = {
			isa = PBXShellScriptBuildPhase;
			buildActionMask = 2147483647;
			files = (
			);
			inputFileListPaths = (
				"${PODS_ROOT}/Target Support Files/Pods-JapaneseQuiz/Pods-JapaneseQuiz-frameworks-${CONFIGURATION}-input-files.xcfilelist",
			);
			name = "[CP] Embed Pods Frameworks";
			outputFileListPaths = (
				"${PODS_ROOT}/Target Support Files/Pods-JapaneseQuiz/Pods-JapaneseQuiz-frameworks-${CONFIGURATION}-output-files.xcfilelist",
			);
			runOnlyForDeploymentPostprocessing = 0;
			shellPath = /bin/sh;
			shellScript = "\"${PODS_ROOT}/Target Support Files/Pods-JapaneseQuiz/Pods-JapaneseQuiz-frameworks.sh\"\n";
			showEnvVarsInLog = 0;
		};
		6285D12F99D0FC21106D25D5 /* [CP] Check Pods Manifest.lock */ = {
			isa = PBXShellScriptBuildPhase;
			buildActionMask = 2147483647;
			files = (
			);
			inputFileListPaths = (
			);
			inputPaths = (
				"${PODS_PODFILE_DIR_PATH}/Podfile.lock",
				"${PODS_ROOT}/Manifest.lock",
			);
			name = "[CP] Check Pods Manifest.lock";
			outputFileListPaths = (
			);
			outputPaths = (
				"$(DERIVED_FILE_DIR)/Pods-JapaneseQuiz-checkManifestLockResult.txt",
			);
			runOnlyForDeploymentPostprocessing = 0;
			shellPath = /bin/sh;
			shellScript = "diff \"${PODS_PODFILE_DIR_PATH}/Podfile.lock\" \"${PODS_ROOT}/Manifest.lock\" > /dev/null\nif [ $? != 0 ] ; then\n    # print error to STDERR\n    echo \"error: The sandbox is not in sync with the Podfile.lock. Run 'pod install' or update your CocoaPods installation.\" >&2\n    exit 1\nfi\n# This output is used by Xcode 'outputs' to avoid re-running this script phase.\necho \"SUCCESS\" > \"${SCRIPT_OUTPUT_FILE_0}\"\n";
			showEnvVarsInLog = 0;
		};
/* End PBXShellScriptBuildPhase section */

/* Begin PBXSourcesBuildPhase section */
		690585A4246D2E2B00CBBF7C /* Sources */ = {
			isa = PBXSourcesBuildPhase;
			buildActionMask = 2147483647;
			files = (
				69309DF824B026650027AC97 /* activityIndicator.swift in Sources */,
				693C78FE24AA1C6B00005C24 /* JLPT3ViewController.swift in Sources */,
				690585B0246D2E2C00CBBF7C /* JLPTViewController.swift in Sources */,
				697027712473DB17003D4543 /* JLPT1ViewController.swift in Sources */,
				699E2EE824BE93100069B110 /* CreditsViewController.swift in Sources */,
				69F677BC246EBEF700A35BC0 /* JishoWords.swift in Sources */,
				69D1906A2472BA350041BA29 /* ViewController+Constraints.swift in Sources */,
				69A3C36524A8D59E0020F3A9 /* JLPT2ViewController.swift in Sources */,
				69D4A35A247D5739002EFB5C /* HudView.swift in Sources */,
				690585C0246D3C6000CBBF7C /* Question.swift in Sources */,
				690585AC246D2E2C00CBBF7C /* AppDelegate.swift in Sources */,
				69309DFB24B027A20027AC97 /* PerformAPICall.swift in Sources */,
				690585AE246D2E2C00CBBF7C /* SceneDelegate.swift in Sources */,
				6989C8812495D9A100D5EDCA /* WordData.swift in Sources */,
				693C790024AA1C8000005C24 /* JLPT4ViewController.swift in Sources */,
			);
			runOnlyForDeploymentPostprocessing = 0;
		};
		6989C8842495DAE900D5EDCA /* Sources */ = {
			isa = PBXSourcesBuildPhase;
			buildActionMask = 2147483647;
			files = (
				6989C88B2495DAE900D5EDCA /* JapaneseQuizTests.swift in Sources */,
				6989C8972495F37400D5EDCA /* JSONTest.swift in Sources */,
			);
			runOnlyForDeploymentPostprocessing = 0;
		};
/* End PBXSourcesBuildPhase section */

/* Begin PBXTargetDependency section */
		6989C88E2495DAE900D5EDCA /* PBXTargetDependency */ = {
			isa = PBXTargetDependency;
			target = 690585A7246D2E2B00CBBF7C /* JapaneseQuiz */;
			targetProxy = 6989C88D2495DAE900D5EDCA /* PBXContainerItemProxy */;
		};
/* End PBXTargetDependency section */

/* Begin PBXVariantGroup section */
		690585B1246D2E2C00CBBF7C /* Main.storyboard */ = {
			isa = PBXVariantGroup;
			children = (
				690585B2246D2E2C00CBBF7C /* Base */,
			);
			name = Main.storyboard;
			sourceTree = "<group>";
		};
		690585B6246D2E2F00CBBF7C /* LaunchScreen.storyboard */ = {
			isa = PBXVariantGroup;
			children = (
				690585B7246D2E2F00CBBF7C /* Base */,
			);
			name = LaunchScreen.storyboard;
			sourceTree = "<group>";
		};
/* End PBXVariantGroup section */

/* Begin XCBuildConfiguration section */
		690585BA246D2E2F00CBBF7C /* Debug */ = {
			isa = XCBuildConfiguration;
			buildSettings = {
				ALWAYS_SEARCH_USER_PATHS = NO;
				CLANG_ANALYZER_NONNULL = YES;
				CLANG_ANALYZER_NUMBER_OBJECT_CONVERSION = YES_AGGRESSIVE;
				CLANG_CXX_LANGUAGE_STANDARD = "gnu++14";
				CLANG_CXX_LIBRARY = "libc++";
				CLANG_ENABLE_MODULES = YES;
				CLANG_ENABLE_OBJC_ARC = YES;
				CLANG_ENABLE_OBJC_WEAK = YES;
				CLANG_WARN_BLOCK_CAPTURE_AUTORELEASING = YES;
				CLANG_WARN_BOOL_CONVERSION = YES;
				CLANG_WARN_COMMA = YES;
				CLANG_WARN_CONSTANT_CONVERSION = YES;
				CLANG_WARN_DEPRECATED_OBJC_IMPLEMENTATIONS = YES;
				CLANG_WARN_DIRECT_OBJC_ISA_USAGE = YES_ERROR;
				CLANG_WARN_DOCUMENTATION_COMMENTS = YES;
				CLANG_WARN_EMPTY_BODY = YES;
				CLANG_WARN_ENUM_CONVERSION = YES;
				CLANG_WARN_INFINITE_RECURSION = YES;
				CLANG_WARN_INT_CONVERSION = YES;
				CLANG_WARN_NON_LITERAL_NULL_CONVERSION = YES;
				CLANG_WARN_OBJC_IMPLICIT_RETAIN_SELF = YES;
				CLANG_WARN_OBJC_LITERAL_CONVERSION = YES;
				CLANG_WARN_OBJC_ROOT_CLASS = YES_ERROR;
				CLANG_WARN_RANGE_LOOP_ANALYSIS = YES;
				CLANG_WARN_STRICT_PROTOTYPES = YES;
				CLANG_WARN_SUSPICIOUS_MOVE = YES;
				CLANG_WARN_UNGUARDED_AVAILABILITY = YES_AGGRESSIVE;
				CLANG_WARN_UNREACHABLE_CODE = YES;
				CLANG_WARN__DUPLICATE_METHOD_MATCH = YES;
				COPY_PHASE_STRIP = NO;
				DEBUG_INFORMATION_FORMAT = dwarf;
				ENABLE_STRICT_OBJC_MSGSEND = YES;
				ENABLE_TESTABILITY = YES;
				GCC_C_LANGUAGE_STANDARD = gnu11;
				GCC_DYNAMIC_NO_PIC = NO;
				GCC_NO_COMMON_BLOCKS = YES;
				GCC_OPTIMIZATION_LEVEL = 0;
				GCC_PREPROCESSOR_DEFINITIONS = (
					"DEBUG=1",
					"$(inherited)",
				);
				GCC_WARN_64_TO_32_BIT_CONVERSION = YES;
				GCC_WARN_ABOUT_RETURN_TYPE = YES_ERROR;
				GCC_WARN_UNDECLARED_SELECTOR = YES;
				GCC_WARN_UNINITIALIZED_AUTOS = YES_AGGRESSIVE;
				GCC_WARN_UNUSED_FUNCTION = YES;
				GCC_WARN_UNUSED_VARIABLE = YES;
				IPHONEOS_DEPLOYMENT_TARGET = 13.4;
				MTL_ENABLE_DEBUG_INFO = INCLUDE_SOURCE;
				MTL_FAST_MATH = YES;
				ONLY_ACTIVE_ARCH = YES;
				SDKROOT = iphoneos;
				SWIFT_ACTIVE_COMPILATION_CONDITIONS = DEBUG;
				SWIFT_OPTIMIZATION_LEVEL = "-Onone";
			};
			name = Debug;
		};
		690585BB246D2E2F00CBBF7C /* Release */ = {
			isa = XCBuildConfiguration;
			buildSettings = {
				ALWAYS_SEARCH_USER_PATHS = NO;
				CLANG_ANALYZER_NONNULL = YES;
				CLANG_ANALYZER_NUMBER_OBJECT_CONVERSION = YES_AGGRESSIVE;
				CLANG_CXX_LANGUAGE_STANDARD = "gnu++14";
				CLANG_CXX_LIBRARY = "libc++";
				CLANG_ENABLE_MODULES = YES;
				CLANG_ENABLE_OBJC_ARC = YES;
				CLANG_ENABLE_OBJC_WEAK = YES;
				CLANG_WARN_BLOCK_CAPTURE_AUTORELEASING = YES;
				CLANG_WARN_BOOL_CONVERSION = YES;
				CLANG_WARN_COMMA = YES;
				CLANG_WARN_CONSTANT_CONVERSION = YES;
				CLANG_WARN_DEPRECATED_OBJC_IMPLEMENTATIONS = YES;
				CLANG_WARN_DIRECT_OBJC_ISA_USAGE = YES_ERROR;
				CLANG_WARN_DOCUMENTATION_COMMENTS = YES;
				CLANG_WARN_EMPTY_BODY = YES;
				CLANG_WARN_ENUM_CONVERSION = YES;
				CLANG_WARN_INFINITE_RECURSION = YES;
				CLANG_WARN_INT_CONVERSION = YES;
				CLANG_WARN_NON_LITERAL_NULL_CONVERSION = YES;
				CLANG_WARN_OBJC_IMPLICIT_RETAIN_SELF = YES;
				CLANG_WARN_OBJC_LITERAL_CONVERSION = YES;
				CLANG_WARN_OBJC_ROOT_CLASS = YES_ERROR;
				CLANG_WARN_RANGE_LOOP_ANALYSIS = YES;
				CLANG_WARN_STRICT_PROTOTYPES = YES;
				CLANG_WARN_SUSPICIOUS_MOVE = YES;
				CLANG_WARN_UNGUARDED_AVAILABILITY = YES_AGGRESSIVE;
				CLANG_WARN_UNREACHABLE_CODE = YES;
				CLANG_WARN__DUPLICATE_METHOD_MATCH = YES;
				COPY_PHASE_STRIP = NO;
				DEBUG_INFORMATION_FORMAT = "dwarf-with-dsym";
				ENABLE_NS_ASSERTIONS = NO;
				ENABLE_STRICT_OBJC_MSGSEND = YES;
				GCC_C_LANGUAGE_STANDARD = gnu11;
				GCC_NO_COMMON_BLOCKS = YES;
				GCC_WARN_64_TO_32_BIT_CONVERSION = YES;
				GCC_WARN_ABOUT_RETURN_TYPE = YES_ERROR;
				GCC_WARN_UNDECLARED_SELECTOR = YES;
				GCC_WARN_UNINITIALIZED_AUTOS = YES_AGGRESSIVE;
				GCC_WARN_UNUSED_FUNCTION = YES;
				GCC_WARN_UNUSED_VARIABLE = YES;
				IPHONEOS_DEPLOYMENT_TARGET = 13.4;
				MTL_ENABLE_DEBUG_INFO = NO;
				MTL_FAST_MATH = YES;
				SDKROOT = iphoneos;
				SWIFT_COMPILATION_MODE = wholemodule;
				SWIFT_OPTIMIZATION_LEVEL = "-O";
				VALIDATE_PRODUCT = YES;
			};
			name = Release;
		};
		690585BD246D2E2F00CBBF7C /* Debug */ = {
			isa = XCBuildConfiguration;
			baseConfigurationReference = FC4802ACCBE03F30C4CA3175 /* Pods-JapaneseQuiz.debug.xcconfig */;
			buildSettings = {
				ASSETCATALOG_COMPILER_APPICON_NAME = AppIcon;
				CODE_SIGN_STYLE = Automatic;
				DEVELOPMENT_TEAM = 5V2K72BM8N;
				INFOPLIST_FILE = JapaneseQuiz/Info.plist;
				LD_RUNPATH_SEARCH_PATHS = (
					"$(inherited)",
					"@executable_path/Frameworks",
				);
				PRODUCT_BUNDLE_IDENTIFIER = com.MichelleLau.JapaneseQuiz;
				PRODUCT_NAME = "$(TARGET_NAME)";
				SWIFT_VERSION = 5.0;
				TARGETED_DEVICE_FAMILY = "1,2";
			};
			name = Debug;
		};
		690585BE246D2E2F00CBBF7C /* Release */ = {
			isa = XCBuildConfiguration;
			baseConfigurationReference = CE8C9B94226C3DEC03713DF9 /* Pods-JapaneseQuiz.release.xcconfig */;
			buildSettings = {
				ASSETCATALOG_COMPILER_APPICON_NAME = AppIcon;
				CODE_SIGN_STYLE = Automatic;
				DEVELOPMENT_TEAM = 5V2K72BM8N;
				INFOPLIST_FILE = JapaneseQuiz/Info.plist;
				LD_RUNPATH_SEARCH_PATHS = (
					"$(inherited)",
					"@executable_path/Frameworks",
				);
				PRODUCT_BUNDLE_IDENTIFIER = com.MichelleLau.JapaneseQuiz;
				PRODUCT_NAME = "$(TARGET_NAME)";
				SWIFT_VERSION = 5.0;
				TARGETED_DEVICE_FAMILY = "1,2";
			};
			name = Release;
		};
		6989C8902495DAE900D5EDCA /* Debug */ = {
			isa = XCBuildConfiguration;
			buildSettings = {
				BUNDLE_LOADER = "$(TEST_HOST)";
				CODE_SIGN_STYLE = Automatic;
				INFOPLIST_FILE = JapaneseQuizTests/Info.plist;
				LD_RUNPATH_SEARCH_PATHS = (
					"$(inherited)",
					"@executable_path/Frameworks",
					"@loader_path/Frameworks",
				);
				PRODUCT_BUNDLE_IDENTIFIER = com.MichelleLau.JapaneseQuizTests;
				PRODUCT_NAME = "$(TARGET_NAME)";
				SWIFT_VERSION = 5.0;
				TARGETED_DEVICE_FAMILY = "1,2";
				TEST_HOST = "$(BUILT_PRODUCTS_DIR)/JapaneseQuiz.app/JapaneseQuiz";
			};
			name = Debug;
		};
		6989C8912495DAE900D5EDCA /* Release */ = {
			isa = XCBuildConfiguration;
			buildSettings = {
				BUNDLE_LOADER = "$(TEST_HOST)";
				CODE_SIGN_STYLE = Automatic;
				INFOPLIST_FILE = JapaneseQuizTests/Info.plist;
				LD_RUNPATH_SEARCH_PATHS = (
					"$(inherited)",
					"@executable_path/Frameworks",
					"@loader_path/Frameworks",
				);
				PRODUCT_BUNDLE_IDENTIFIER = com.MichelleLau.JapaneseQuizTests;
				PRODUCT_NAME = "$(TARGET_NAME)";
				SWIFT_VERSION = 5.0;
				TARGETED_DEVICE_FAMILY = "1,2";
				TEST_HOST = "$(BUILT_PRODUCTS_DIR)/JapaneseQuiz.app/JapaneseQuiz";
			};
			name = Release;
		};
/* End XCBuildConfiguration section */

/* Begin XCConfigurationList section */
		690585A3246D2E2B00CBBF7C /* Build configuration list for PBXProject "JapaneseQuiz" */ = {
			isa = XCConfigurationList;
			buildConfigurations = (
				690585BA246D2E2F00CBBF7C /* Debug */,
				690585BB246D2E2F00CBBF7C /* Release */,
			);
			defaultConfigurationIsVisible = 0;
			defaultConfigurationName = Release;
		};
		690585BC246D2E2F00CBBF7C /* Build configuration list for PBXNativeTarget "JapaneseQuiz" */ = {
			isa = XCConfigurationList;
			buildConfigurations = (
				690585BD246D2E2F00CBBF7C /* Debug */,
				690585BE246D2E2F00CBBF7C /* Release */,
			);
			defaultConfigurationIsVisible = 0;
			defaultConfigurationName = Release;
		};
		6989C88F2495DAE900D5EDCA /* Build configuration list for PBXNativeTarget "JapaneseQuizTests" */ = {
			isa = XCConfigurationList;
			buildConfigurations = (
				6989C8902495DAE900D5EDCA /* Debug */,
				6989C8912495DAE900D5EDCA /* Release */,
			);
			defaultConfigurationIsVisible = 0;
			defaultConfigurationName = Release;
		};
/* End XCConfigurationList section */
	};
	rootObject = 690585A0246D2E2B00CBBF7C /* Project object */;
}
